
Microsoft Visual Studio Solution File, Format Version 12.00
# Visual Studio Version 17
VisualStudioVersion = 17.7.34202.233
MinimumVisualStudioVersion = 10.0.40219.1
Project("{FAE04EC0-301F-11D3-BF4B-00C04F79EFBC}") = "ProjetFinal", "ProjetFinal\ProjetFinal.csproj", "{62A02832-73F8-4DA3-96C1-8ADD56EB4377}"
EndProject
Global
	GlobalSection(SolutionConfigurationPlatforms) = preSolution
		Debug|Any CPU = Debug|Any CPU
		Release|Any CPU = Release|Any CPU
	EndGlobalSection
	GlobalSection(ProjectConfigurationPlatforms) = postSolution
		{62A02832-73F8-4DA3-96C1-8ADD56EB4377}.Debug|Any CPU.ActiveCfg = Debug|Any CPU
		{62A02832-73F8-4DA3-96C1-8ADD56EB4377}.Debug|Any CPU.Build.0 = Debug|Any CPU
		{62A02832-73F8-4DA3-96C1-8ADD56EB4377}.Release|Any CPU.ActiveCfg = Release|Any CPU
		{62A02832-73F8-4DA3-96C1-8ADD56EB4377}.Release|Any CPU.Build.0 = Release|Any CPU
	EndGlobalSection
	GlobalSection(SolutionProperties) = preSolution
		HideSolutionNode = FALSE
	EndGlobalSection
	GlobalSection(ExtensibilityGlobals) = postSolution
		SolutionGuid = {8389A78A-53EA-4355-9B68-766070F4DC3D}
	EndGlobalSection
EndGlobal
